
Microsoft Visual Studio Solution File, Format Version 12.00
# Visual Studio 15
VisualStudioVersion = 15.0.27428.2002
MinimumVisualStudioVersion = 10.0.40219.1
Project("{FAE04EC0-301F-11D3-BF4B-00C04F79EFBC}") = "MVCIdentity", "MVCIdentity\MVCIdentity.csproj", "{84617265-5397-4BC1-AA13-1D349F8830EA}"
EndProject
Global
	GlobalSection(SolutionConfigurationPlatforms) = preSolution
		Debug|Any CPU = Debug|Any CPU
		Release|Any CPU = Release|Any CPU
	EndGlobalSection
	GlobalSection(ProjectConfigurationPlatforms) = postSolution
		{84617265-5397-4BC1-AA13-1D349F8830EA}.Debug|Any CPU.ActiveCfg = Debug|Any CPU
		{84617265-5397-4BC1-AA13-1D349F8830EA}.Debug|Any CPU.Build.0 = Debug|Any CPU
		{84617265-5397-4BC1-AA13-1D349F8830EA}.Release|Any CPU.ActiveCfg = Release|Any CPU
		{84617265-5397-4BC1-AA13-1D349F8830EA}.Release|Any CPU.Build.0 = Release|Any CPU
	EndGlobalSection
	GlobalSection(SolutionProperties) = preSolution
		HideSolutionNode = FALSE
	EndGlobalSection
	GlobalSection(ExtensibilityGlobals) = postSolution
		SolutionGuid = {3AEF05A3-3CA2-41B0-BEF4-0A519494AFF9}
	EndGlobalSection
EndGlobal
